
Microsoft Visual Studio Solution File, Format Version 12.00
Project("{FAE04EC0-301F-11D3-BF4B-00C04F79EFBC}") = "Bup.WebApp", "BupWebApp\Bup.WebApp.csproj", "{C911C8AA-C244-4B2A-8084-469A297C05FD}"
EndProject
Project("{FAE04EC0-301F-11D3-BF4B-00C04F79EFBC}") = "Bup.Infrastructure", "Bup.Infrastructure\Bup.Infrastructure.csproj", "{EAFD615A-3381-42CA-925B-736F77AF2B8B}"
EndProject
Project("{FAE04EC0-301F-11D3-BF4B-00C04F79EFBC}") = "Bup.Common", "Bup.Common\Bup.Common.csproj", "{123BC854-BF23-4422-837D-E45E6BB26E2E}"
EndProject
Global
	GlobalSection(SolutionConfigurationPlatforms) = preSolution
		Debug|Any CPU = Debug|Any CPU
		Release|Any CPU = Release|Any CPU
	EndGlobalSection
	GlobalSection(ProjectConfigurationPlatforms) = postSolution
		{C911C8AA-C244-4B2A-8084-469A297C05FD}.Debug|Any CPU.ActiveCfg = Debug|Any CPU
		{C911C8AA-C244-4B2A-8084-469A297C05FD}.Debug|Any CPU.Build.0 = Debug|Any CPU
		{C911C8AA-C244-4B2A-8084-469A297C05FD}.Release|Any CPU.ActiveCfg = Release|Any CPU
		{C911C8AA-C244-4B2A-8084-469A297C05FD}.Release|Any CPU.Build.0 = Release|Any CPU
		{EAFD615A-3381-42CA-925B-736F77AF2B8B}.Debug|Any CPU.ActiveCfg = Debug|Any CPU
		{EAFD615A-3381-42CA-925B-736F77AF2B8B}.Debug|Any CPU.Build.0 = Debug|Any CPU
		{EAFD615A-3381-42CA-925B-736F77AF2B8B}.Release|Any CPU.ActiveCfg = Release|Any CPU
		{EAFD615A-3381-42CA-925B-736F77AF2B8B}.Release|Any CPU.Build.0 = Release|Any CPU
		{123BC854-BF23-4422-837D-E45E6BB26E2E}.Debug|Any CPU.ActiveCfg = Debug|Any CPU
		{123BC854-BF23-4422-837D-E45E6BB26E2E}.Debug|Any CPU.Build.0 = Debug|Any CPU
		{123BC854-BF23-4422-837D-E45E6BB26E2E}.Release|Any CPU.ActiveCfg = Release|Any CPU
		{123BC854-BF23-4422-837D-E45E6BB26E2E}.Release|Any CPU.Build.0 = Release|Any CPU
	EndGlobalSection
EndGlobal
